
Microsoft Visual Studio Solution File, Format Version 12.00
# Visual Studio Version 17
VisualStudioVersion = 17.5.002.0
MinimumVisualStudioVersion = 10.0.40219.1
Project("{9A19103F-16F7-4668-BE54-9A1E7A4F7556}") = "TeamPlayersMVC", "TeamPlayersMVC.csproj", "{51C54CD2-E524-4AEC-A5C1-E9AC7D760F67}"
EndProject
Global
	GlobalSection(SolutionConfigurationPlatforms) = preSolution
		Debug|Any CPU = Debug|Any CPU
		Release|Any CPU = Release|Any CPU
	EndGlobalSection
	GlobalSection(ProjectConfigurationPlatforms) = postSolution
		{51C54CD2-E524-4AEC-A5C1-E9AC7D760F67}.Debug|Any CPU.ActiveCfg = Debug|Any CPU
		{51C54CD2-E524-4AEC-A5C1-E9AC7D760F67}.Debug|Any CPU.Build.0 = Debug|Any CPU
		{51C54CD2-E524-4AEC-A5C1-E9AC7D760F67}.Release|Any CPU.ActiveCfg = Release|Any CPU
		{51C54CD2-E524-4AEC-A5C1-E9AC7D760F67}.Release|Any CPU.Build.0 = Release|Any CPU
	EndGlobalSection
	GlobalSection(SolutionProperties) = preSolution
		HideSolutionNode = FALSE
	EndGlobalSection
	GlobalSection(ExtensibilityGlobals) = postSolution
		SolutionGuid = {499E8F71-69EB-4B55-A58C-6FD253611220}
	EndGlobalSection
EndGlobal
